
Microsoft Visual Studio Solution File, Format Version 12.00
# Visual Studio Version 17
VisualStudioVersion = 17.6.33723.286
MinimumVisualStudioVersion = 10.0.40219.1
Project("{FAE04EC0-301F-11D3-BF4B-00C04F79EFBC}") = "AuthSchemesAndOptions", "AuthSchemesAndOptions\AuthSchemesAndOptions.csproj", "{65E43C1D-669C-4183-B6D4-B939830A6869}"
EndProject
Global
	GlobalSection(SolutionConfigurationPlatforms) = preSolution
		Debug|Any CPU = Debug|Any CPU
		Release|Any CPU = Release|Any CPU
	EndGlobalSection
	GlobalSection(ProjectConfigurationPlatforms) = postSolution
		{65E43C1D-669C-4183-B6D4-B939830A6869}.Debug|Any CPU.ActiveCfg = Debug|Any CPU
		{65E43C1D-669C-4183-B6D4-B939830A6869}.Debug|Any CPU.Build.0 = Debug|Any CPU
		{65E43C1D-669C-4183-B6D4-B939830A6869}.Release|Any CPU.ActiveCfg = Release|Any CPU
		{65E43C1D-669C-4183-B6D4-B939830A6869}.Release|Any CPU.Build.0 = Release|Any CPU
	EndGlobalSection
	GlobalSection(SolutionProperties) = preSolution
		HideSolutionNode = FALSE
	EndGlobalSection
	GlobalSection(ExtensibilityGlobals) = postSolution
		SolutionGuid = {7C74F406-28F6-4E90-A274-7B65BC2762DD}
	EndGlobalSection
EndGlobal
